
Microsoft Visual Studio Solution File, Format Version 12.00
# Visual Studio Version 17
VisualStudioVersion = 17.11.35327.3
MinimumVisualStudioVersion = 10.0.40219.1
Project("{FAE04EC0-301F-11D3-BF4B-00C04F79EFBC}") = "Task03b", "Task03b.csproj", "{FD17F014-BD97-4DCD-B7FD-73680C36D6FA}"
EndProject
Global
	GlobalSection(SolutionConfigurationPlatforms) = preSolution
		Debug|Any CPU = Debug|Any CPU
		Release|Any CPU = Release|Any CPU
	EndGlobalSection
	GlobalSection(ProjectConfigurationPlatforms) = postSolution
		{FD17F014-BD97-4DCD-B7FD-73680C36D6FA}.Debug|Any CPU.ActiveCfg = Debug|Any CPU
		{FD17F014-BD97-4DCD-B7FD-73680C36D6FA}.Debug|Any CPU.Build.0 = Debug|Any CPU
		{FD17F014-BD97-4DCD-B7FD-73680C36D6FA}.Release|Any CPU.ActiveCfg = Release|Any CPU
		{FD17F014-BD97-4DCD-B7FD-73680C36D6FA}.Release|Any CPU.Build.0 = Release|Any CPU
	EndGlobalSection
	GlobalSection(SolutionProperties) = preSolution
		HideSolutionNode = FALSE
	EndGlobalSection
	GlobalSection(ExtensibilityGlobals) = postSolution
		SolutionGuid = {8AE5443E-4597-45B1-8660-D839641FB906}
	EndGlobalSection
EndGlobal
