
Microsoft Visual Studio Solution File, Format Version 12.00
# Visual Studio Version 17
VisualStudioVersion = 17.11.35327.3
MinimumVisualStudioVersion = 10.0.40219.1
Project("{FAE04EC0-301F-11D3-BF4B-00C04F79EFBC}") = "Task04", "Task04.csproj", "{CAAA079C-E965-4FB9-8854-26B68B3185C4}"
EndProject
Global
	GlobalSection(SolutionConfigurationPlatforms) = preSolution
		Debug|Any CPU = Debug|Any CPU
		Release|Any CPU = Release|Any CPU
	EndGlobalSection
	GlobalSection(ProjectConfigurationPlatforms) = postSolution
		{CAAA079C-E965-4FB9-8854-26B68B3185C4}.Debug|Any CPU.ActiveCfg = Debug|Any CPU
		{CAAA079C-E965-4FB9-8854-26B68B3185C4}.Debug|Any CPU.Build.0 = Debug|Any CPU
		{CAAA079C-E965-4FB9-8854-26B68B3185C4}.Release|Any CPU.ActiveCfg = Release|Any CPU
		{CAAA079C-E965-4FB9-8854-26B68B3185C4}.Release|Any CPU.Build.0 = Release|Any CPU
	EndGlobalSection
	GlobalSection(SolutionProperties) = preSolution
		HideSolutionNode = FALSE
	EndGlobalSection
	GlobalSection(ExtensibilityGlobals) = postSolution
		SolutionGuid = {DED87EAD-A0BA-4D18-82E8-CCB35D8C1500}
	EndGlobalSection
EndGlobal
