
Microsoft Visual Studio Solution File, Format Version 12.00
# Visual Studio Version 17
VisualStudioVersion = 17.11.35327.3
MinimumVisualStudioVersion = 10.0.40219.1
Project("{FAE04EC0-301F-11D3-BF4B-00C04F79EFBC}") = "Task11(2)", "Task11(2).csproj", "{08DEFBC9-9CF6-4F9C-A4B3-4FFD55F5A2D1}"
EndProject
Global
	GlobalSection(SolutionConfigurationPlatforms) = preSolution
		Debug|Any CPU = Debug|Any CPU
		Release|Any CPU = Release|Any CPU
	EndGlobalSection
	GlobalSection(ProjectConfigurationPlatforms) = postSolution
		{08DEFBC9-9CF6-4F9C-A4B3-4FFD55F5A2D1}.Debug|Any CPU.ActiveCfg = Debug|Any CPU
		{08DEFBC9-9CF6-4F9C-A4B3-4FFD55F5A2D1}.Debug|Any CPU.Build.0 = Debug|Any CPU
		{08DEFBC9-9CF6-4F9C-A4B3-4FFD55F5A2D1}.Release|Any CPU.ActiveCfg = Release|Any CPU
		{08DEFBC9-9CF6-4F9C-A4B3-4FFD55F5A2D1}.Release|Any CPU.Build.0 = Release|Any CPU
	EndGlobalSection
	GlobalSection(SolutionProperties) = preSolution
		HideSolutionNode = FALSE
	EndGlobalSection
	GlobalSection(ExtensibilityGlobals) = postSolution
		SolutionGuid = {8ED79E42-BBE4-454E-B0DB-4CF472B9AA44}
	EndGlobalSection
EndGlobal
